
Microsoft Visual Studio Solution File, Format Version 12.00
# Visual Studio Version 16
VisualStudioVersion = 16.0.30611.23
MinimumVisualStudioVersion = 10.0.40219.1
Project("{8BC9CEB8-8B4A-11D0-8D11-00A0C91BC942}") = "Lab8-stl", "Lab8-stl\Lab8-stl.vcxproj", "{75CB59C9-14AE-4572-A62C-98AAA430EE7F}"
EndProject
Global
	GlobalSection(SolutionConfigurationPlatforms) = preSolution
		Debug|x64 = Debug|x64
		Debug|x86 = Debug|x86
		Release|x64 = Release|x64
		Release|x86 = Release|x86
	EndGlobalSection
	GlobalSection(ProjectConfigurationPlatforms) = postSolution
		{75CB59C9-14AE-4572-A62C-98AAA430EE7F}.Debug|x64.ActiveCfg = Debug|x64
		{75CB59C9-14AE-4572-A62C-98AAA430EE7F}.Debug|x64.Build.0 = Debug|x64
		{75CB59C9-14AE-4572-A62C-98AAA430EE7F}.Debug|x86.ActiveCfg = Debug|Win32
		{75CB59C9-14AE-4572-A62C-98AAA430EE7F}.Debug|x86.Build.0 = Debug|Win32
		{75CB59C9-14AE-4572-A62C-98AAA430EE7F}.Release|x64.ActiveCfg = Release|x64
		{75CB59C9-14AE-4572-A62C-98AAA430EE7F}.Release|x64.Build.0 = Release|x64
		{75CB59C9-14AE-4572-A62C-98AAA430EE7F}.Release|x86.ActiveCfg = Release|Win32
		{75CB59C9-14AE-4572-A62C-98AAA430EE7F}.Release|x86.Build.0 = Release|Win32
	EndGlobalSection
	GlobalSection(SolutionProperties) = preSolution
		HideSolutionNode = FALSE
	EndGlobalSection
	GlobalSection(ExtensibilityGlobals) = postSolution
		SolutionGuid = {20DCBB08-7E57-482F-B7CE-C3429EC5C219}
	EndGlobalSection
EndGlobal
